
Microsoft Visual Studio Solution File, Format Version 12.00
# Visual Studio Version 17
VisualStudioVersion = 17.8.34525.116
MinimumVisualStudioVersion = 10.0.40219.1
Project("{FAE04EC0-301F-11D3-BF4B-00C04F79EFBC}") = "MoviesAndStuff.Api", "MoviesAndStuff.Api\MoviesAndStuff.Api.csproj", "{55DEAEEB-ECC5-417C-B2CD-B75FF1BC80AE}"
EndProject
Project("{FAE04EC0-301F-11D3-BF4B-00C04F79EFBC}") = "MoviesAndStuff.Api.Tests", "MoviesAndStuff.Api.Tests\MoviesAndStuff.Api.Tests.csproj", "{FF7EFE54-AE9F-4FE3-95C3-67C43C20629F}"
EndProject
Global
	GlobalSection(SolutionConfigurationPlatforms) = preSolution
		Debug|Any CPU = Debug|Any CPU
		Debug|x64 = Debug|x64
		Debug|x86 = Debug|x86
		Release|Any CPU = Release|Any CPU
		Release|x64 = Release|x64
		Release|x86 = Release|x86
	EndGlobalSection
	GlobalSection(ProjectConfigurationPlatforms) = postSolution
		{55DEAEEB-ECC5-417C-B2CD-B75FF1BC80AE}.Debug|Any CPU.ActiveCfg = Debug|Any CPU
		{55DEAEEB-ECC5-417C-B2CD-B75FF1BC80AE}.Debug|Any CPU.Build.0 = Debug|Any CPU
		{55DEAEEB-ECC5-417C-B2CD-B75FF1BC80AE}.Debug|x64.ActiveCfg = Debug|Any CPU
		{55DEAEEB-ECC5-417C-B2CD-B75FF1BC80AE}.Debug|x64.Build.0 = Debug|Any CPU
		{55DEAEEB-ECC5-417C-B2CD-B75FF1BC80AE}.Debug|x86.ActiveCfg = Debug|Any CPU
		{55DEAEEB-ECC5-417C-B2CD-B75FF1BC80AE}.Debug|x86.Build.0 = Debug|Any CPU
		{55DEAEEB-ECC5-417C-B2CD-B75FF1BC80AE}.Release|Any CPU.ActiveCfg = Release|Any CPU
		{55DEAEEB-ECC5-417C-B2CD-B75FF1BC80AE}.Release|Any CPU.Build.0 = Release|Any CPU
		{55DEAEEB-ECC5-417C-B2CD-B75FF1BC80AE}.Release|x64.ActiveCfg = Release|Any CPU
		{55DEAEEB-ECC5-417C-B2CD-B75FF1BC80AE}.Release|x64.Build.0 = Release|Any CPU
		{55DEAEEB-ECC5-417C-B2CD-B75FF1BC80AE}.Release|x86.ActiveCfg = Release|Any CPU
		{55DEAEEB-ECC5-417C-B2CD-B75FF1BC80AE}.Release|x86.Build.0 = Release|Any CPU
		{FF7EFE54-AE9F-4FE3-95C3-67C43C20629F}.Debug|Any CPU.ActiveCfg = Debug|Any CPU
		{FF7EFE54-AE9F-4FE3-95C3-67C43C20629F}.Debug|Any CPU.Build.0 = Debug|Any CPU
		{FF7EFE54-AE9F-4FE3-95C3-67C43C20629F}.Debug|x64.ActiveCfg = Debug|Any CPU
		{FF7EFE54-AE9F-4FE3-95C3-67C43C20629F}.Debug|x64.Build.0 = Debug|Any CPU
		{FF7EFE54-AE9F-4FE3-95C3-67C43C20629F}.Debug|x86.ActiveCfg = Debug|Any CPU
		{FF7EFE54-AE9F-4FE3-95C3-67C43C20629F}.Debug|x86.Build.0 = Debug|Any CPU
		{FF7EFE54-AE9F-4FE3-95C3-67C43C20629F}.Release|Any CPU.ActiveCfg = Release|Any CPU
		{FF7EFE54-AE9F-4FE3-95C3-67C43C20629F}.Release|Any CPU.Build.0 = Release|Any CPU
		{FF7EFE54-AE9F-4FE3-95C3-67C43C20629F}.Release|x64.ActiveCfg = Release|Any CPU
		{FF7EFE54-AE9F-4FE3-95C3-67C43C20629F}.Release|x64.Build.0 = Release|Any CPU
		{FF7EFE54-AE9F-4FE3-95C3-67C43C20629F}.Release|x86.ActiveCfg = Release|Any CPU
		{FF7EFE54-AE9F-4FE3-95C3-67C43C20629F}.Release|x86.Build.0 = Release|Any CPU
	EndGlobalSection
	GlobalSection(SolutionProperties) = preSolution
		HideSolutionNode = FALSE
	EndGlobalSection
	GlobalSection(ExtensibilityGlobals) = postSolution
		SolutionGuid = {7CE55D9A-1EA8-4E08-8074-7ECBA2E64E40}
	EndGlobalSection
EndGlobal
